
Microsoft Visual Studio Solution File, Format Version 12.00
# Visual Studio Version 17
VisualStudioVersion = 17.5.33530.505
MinimumVisualStudioVersion = 10.0.40219.1
Project("{9A19103F-16F7-4668-BE54-9A1E7A4F7556}") = "KassabokenAPI", "KassabokenAPI\KassabokenAPI.csproj", "{9E00E933-2E6F-4E25-84BA-AD20C435F47D}"
EndProject
Global
	GlobalSection(SolutionConfigurationPlatforms) = preSolution
		Debug|Any CPU = Debug|Any CPU
		Release|Any CPU = Release|Any CPU
	EndGlobalSection
	GlobalSection(ProjectConfigurationPlatforms) = postSolution
		{9E00E933-2E6F-4E25-84BA-AD20C435F47D}.Debug|Any CPU.ActiveCfg = Debug|Any CPU
		{9E00E933-2E6F-4E25-84BA-AD20C435F47D}.Debug|Any CPU.Build.0 = Debug|Any CPU
		{9E00E933-2E6F-4E25-84BA-AD20C435F47D}.Release|Any CPU.ActiveCfg = Release|Any CPU
		{9E00E933-2E6F-4E25-84BA-AD20C435F47D}.Release|Any CPU.Build.0 = Release|Any CPU
	EndGlobalSection
	GlobalSection(SolutionProperties) = preSolution
		HideSolutionNode = FALSE
	EndGlobalSection
	GlobalSection(ExtensibilityGlobals) = postSolution
		SolutionGuid = {22C6B261-FC2D-438C-B6F8-5974A0370E09}
	EndGlobalSection
EndGlobal
